
Microsoft Visual Studio Solution File, Format Version 12.00
# Visual Studio Version 16
VisualStudioVersion = 16.0.30517.126
MinimumVisualStudioVersion = 10.0.40219.1
Project("{9A19103F-16F7-4668-BE54-9A1E7A4F7556}") = "JobSityChat.Web", "JobSityChat.Web\JobSityChat.Web.csproj", "{E6FD5FBA-B46C-44CD-96B9-80C51ABA52D9}"
EndProject
Project("{9A19103F-16F7-4668-BE54-9A1E7A4F7556}") = "JobSityChat.Entities", "JobSityChat.Entities\JobSityChat.Entities.csproj", "{86AF6246-9AEB-43A7-A6C8-4365492DD25F}"
EndProject
Project("{9A19103F-16F7-4668-BE54-9A1E7A4F7556}") = "JobSityChat.Infraestructure", "JobSityChat.Infraestructure\JobSityChat.Infraestructure.csproj", "{70DD6BFE-69D2-4DE8-A6AB-055AFADF84E6}"
EndProject
Project("{9A19103F-16F7-4668-BE54-9A1E7A4F7556}") = "JobSityChat.Core", "JobSityChat.Core\JobSityChat.Core.csproj", "{4DEDA325-4F24-4420-99E4-6E03ECAC5E3B}"
EndProject
Project("{9A19103F-16F7-4668-BE54-9A1E7A4F7556}") = "JobSityChat.Bot", "JobSityChat.Bot\JobSityChat.Bot.csproj", "{C3E02059-4BF0-4662-A298-1E9FA02973B7}"
EndProject
Project("{FAE04EC0-301F-11D3-BF4B-00C04F79EFBC}") = "JobSityChat.Common", "JobSityChat.Common\JobSityChat.Common.csproj", "{DC8DB9CD-1494-4253-8432-846A6C9F5C02}"
EndProject
Global
	GlobalSection(SolutionConfigurationPlatforms) = preSolution
		Debug|Any CPU = Debug|Any CPU
		Release|Any CPU = Release|Any CPU
	EndGlobalSection
	GlobalSection(ProjectConfigurationPlatforms) = postSolution
		{E6FD5FBA-B46C-44CD-96B9-80C51ABA52D9}.Debug|Any CPU.ActiveCfg = Debug|Any CPU
		{E6FD5FBA-B46C-44CD-96B9-80C51ABA52D9}.Debug|Any CPU.Build.0 = Debug|Any CPU
		{E6FD5FBA-B46C-44CD-96B9-80C51ABA52D9}.Release|Any CPU.ActiveCfg = Release|Any CPU
		{E6FD5FBA-B46C-44CD-96B9-80C51ABA52D9}.Release|Any CPU.Build.0 = Release|Any CPU
		{86AF6246-9AEB-43A7-A6C8-4365492DD25F}.Debug|Any CPU.ActiveCfg = Debug|Any CPU
		{86AF6246-9AEB-43A7-A6C8-4365492DD25F}.Debug|Any CPU.Build.0 = Debug|Any CPU
		{86AF6246-9AEB-43A7-A6C8-4365492DD25F}.Release|Any CPU.ActiveCfg = Release|Any CPU
		{86AF6246-9AEB-43A7-A6C8-4365492DD25F}.Release|Any CPU.Build.0 = Release|Any CPU
		{70DD6BFE-69D2-4DE8-A6AB-055AFADF84E6}.Debug|Any CPU.ActiveCfg = Debug|Any CPU
		{70DD6BFE-69D2-4DE8-A6AB-055AFADF84E6}.Debug|Any CPU.Build.0 = Debug|Any CPU
		{70DD6BFE-69D2-4DE8-A6AB-055AFADF84E6}.Release|Any CPU.ActiveCfg = Release|Any CPU
		{70DD6BFE-69D2-4DE8-A6AB-055AFADF84E6}.Release|Any CPU.Build.0 = Release|Any CPU
		{4DEDA325-4F24-4420-99E4-6E03ECAC5E3B}.Debug|Any CPU.ActiveCfg = Debug|Any CPU
		{4DEDA325-4F24-4420-99E4-6E03ECAC5E3B}.Debug|Any CPU.Build.0 = Debug|Any CPU
		{4DEDA325-4F24-4420-99E4-6E03ECAC5E3B}.Release|Any CPU.ActiveCfg = Release|Any CPU
		{4DEDA325-4F24-4420-99E4-6E03ECAC5E3B}.Release|Any CPU.Build.0 = Release|Any CPU
		{C3E02059-4BF0-4662-A298-1E9FA02973B7}.Debug|Any CPU.ActiveCfg = Debug|Any CPU
		{C3E02059-4BF0-4662-A298-1E9FA02973B7}.Debug|Any CPU.Build.0 = Debug|Any CPU
		{C3E02059-4BF0-4662-A298-1E9FA02973B7}.Release|Any CPU.ActiveCfg = Release|Any CPU
		{C3E02059-4BF0-4662-A298-1E9FA02973B7}.Release|Any CPU.Build.0 = Release|Any CPU
		{DC8DB9CD-1494-4253-8432-846A6C9F5C02}.Debug|Any CPU.ActiveCfg = Debug|Any CPU
		{DC8DB9CD-1494-4253-8432-846A6C9F5C02}.Debug|Any CPU.Build.0 = Debug|Any CPU
		{DC8DB9CD-1494-4253-8432-846A6C9F5C02}.Release|Any CPU.ActiveCfg = Release|Any CPU
		{DC8DB9CD-1494-4253-8432-846A6C9F5C02}.Release|Any CPU.Build.0 = Release|Any CPU
	EndGlobalSection
	GlobalSection(SolutionProperties) = preSolution
		HideSolutionNode = FALSE
	EndGlobalSection
	GlobalSection(ExtensibilityGlobals) = postSolution
		SolutionGuid = {B135F24E-5234-4C3C-899D-E862CEFA632D}
	EndGlobalSection
EndGlobal
